# This file is automatically @generated by Cargo.
# It is not intended for manual editing.
version = 3

[[package]]
name = "figlet-rs"
version = "0.1.5"
source = "registry+https://github.com/rust-lang/crates.io-index"
checksum = "4742a071cd9694fc86f9fa1a08fa3e53d40cc899d7ee532295da2d085639fbc5"

[[package]]
name = "maximus"
version = "0.1.0"
dependencies = [
 "figlet-rs",
]
